
Microsoft Visual Studio Solution File, Format Version 12.00
# Visual Studio Version 17
VisualStudioVersion = 17.13.35806.99 d17.13
MinimumVisualStudioVersion = 10.0.40219.1
Project("{8BC9CEB8-8B4A-11D0-8D11-00A0C91BC942}") = "gif_test", "gif_test\gif_test.vcxproj", "{252C3F7B-B6CF-4002-B75D-7046E076931F}"
EndProject
Global
	GlobalSection(SolutionConfigurationPlatforms) = preSolution
		Debug|x64 = Debug|x64
		Debug|x86 = Debug|x86
		Release|x64 = Release|x64
		Release|x86 = Release|x86
	EndGlobalSection
	GlobalSection(ProjectConfigurationPlatforms) = postSolution
		{252C3F7B-B6CF-4002-B75D-7046E076931F}.Debug|x64.ActiveCfg = Debug|x64
		{252C3F7B-B6CF-4002-B75D-7046E076931F}.Debug|x64.Build.0 = Debug|x64
		{252C3F7B-B6CF-4002-B75D-7046E076931F}.Debug|x86.ActiveCfg = Debug|Win32
		{252C3F7B-B6CF-4002-B75D-7046E076931F}.Debug|x86.Build.0 = Debug|Win32
		{252C3F7B-B6CF-4002-B75D-7046E076931F}.Release|x64.ActiveCfg = Release|x64
		{252C3F7B-B6CF-4002-B75D-7046E076931F}.Release|x64.Build.0 = Release|x64
		{252C3F7B-B6CF-4002-B75D-7046E076931F}.Release|x86.ActiveCfg = Release|Win32
		{252C3F7B-B6CF-4002-B75D-7046E076931F}.Release|x86.Build.0 = Release|Win32
	EndGlobalSection
	GlobalSection(SolutionProperties) = preSolution
		HideSolutionNode = FALSE
	EndGlobalSection
	GlobalSection(ExtensibilityGlobals) = postSolution
		SolutionGuid = {7B8B1D8D-D910-4359-A1A9-CA201E447BDC}
	EndGlobalSection
EndGlobal
